PODS:
  - audio_service (0.0.1):
    - Flutter
    - FlutterMacOS
  - audio_session (0.0.1):
    - Flutter
  - camera_avfoundation (0.0.1):
    - Flutter
  - Flutter (1.0.0)
  - flutter_inappwebview_ios (0.0.1):
    - Flutter
    - flutter_inappwebview_ios/Core (= 0.0.1)
    - OrderedSet (~> 6.0.3)
  - flutter_inappwebview_ios/Core (0.0.1):
    - Flutter
    - OrderedSet (~> 6.0.3)
  - fluttertoast (0.0.2):
    - Flutter
  - image_picker_ios (0.0.1):
    - Flutter
  - just_audio (0.0.1):
    - Flutter
    - FlutterMacOS
  - on_audio_query_ios (0.0.1):
    - Flutter
    - SwiftyBeaver
  - OrderedSet (6.0.3)
  - path_provider_foundation (0.0.1):
    - Flutter
    - FlutterMacOS
  - permission_handler_apple (9.3.0):
    - Flutter
  - shared_preferences_foundation (0.0.1):
    - Flutter
    - FlutterMacOS
  - sqflite_darwin (0.0.4):
    - Flutter
    - FlutterMacOS
  - SwiftyBeaver (1.9.5)
  - volume_controller (0.0.1):
    - Flutter

DEPENDENCIES:
  - audio_service (from `.symlinks/plugins/audio_service/darwin`)
  - audio_session (from `.symlinks/plugins/audio_session/ios`)
  - camera_avfoundation (from `.symlinks/plugins/camera_avfoundation/ios`)
  - Flutter (from `Flutter`)
  - flutter_inappwebview_ios (from `.symlinks/plugins/flutter_inappwebview_ios/ios`)
  - fluttertoast (from `.symlinks/plugins/fluttertoast/ios`)
  - image_picker_ios (from `.symlinks/plugins/image_picker_ios/ios`)
  - just_audio (from `.symlinks/plugins/just_audio/darwin`)
  - on_audio_query_ios (from `.symlinks/plugins/on_audio_query_ios/ios`)
  - path_provider_foundation (from `.symlinks/plugins/path_provider_foundation/darwin`)
  - permission_handler_apple (from `.symlinks/plugins/permission_handler_apple/ios`)
  - shared_preferences_foundation (from `.symlinks/plugins/shared_preferences_foundation/darwin`)
  - sqflite_darwin (from `.symlinks/plugins/sqflite_darwin/darwin`)
  - volume_controller (from `.symlinks/plugins/volume_controller/ios`)

SPEC REPOS:
  trunk:
    - OrderedSet
    - SwiftyBeaver

EXTERNAL SOURCES:
  audio_service:
    :path: ".symlinks/plugins/audio_service/darwin"
  audio_session:
    :path: ".symlinks/plugins/audio_session/ios"
  camera_avfoundation:
    :path: ".symlinks/plugins/camera_avfoundation/ios"
  Flutter:
    :path: Flutter
  flutter_inappwebview_ios:
    :path: ".symlinks/plugins/flutter_inappwebview_ios/ios"
  fluttertoast:
    :path: ".symlinks/plugins/fluttertoast/ios"
  image_picker_ios:
    :path: ".symlinks/plugins/image_picker_ios/ios"
  just_audio:
    :path: ".symlinks/plugins/just_audio/darwin"
  on_audio_query_ios:
    :path: ".symlinks/plugins/on_audio_query_ios/ios"
  path_provider_foundation:
    :path: ".symlinks/plugins/path_provider_foundation/darwin"
  permission_handler_apple:
    :path: ".symlinks/plugins/permission_handler_apple/ios"
  shared_preferences_foundation:
    :path: ".symlinks/plugins/shared_preferences_foundation/darwin"
  sqflite_darwin:
    :path: ".symlinks/plugins/sqflite_darwin/darwin"
  volume_controller:
    :path: ".symlinks/plugins/volume_controller/ios"

SPEC CHECKSUMS:
  audio_service: aa99a6ba2ae7565996015322b0bb024e1d25c6fd
  audio_session: 9bb7f6c970f21241b19f5a3658097ae459681ba0
  camera_avfoundation: 04b44aeb14070126c6529e5ab82cc7c9fca107cf
  Flutter: e0871f40cf51350855a761d2e70bf5af5b9b5de7
  flutter_inappwebview_ios: b89ba3482b96fb25e00c967aae065701b66e9b99
  fluttertoast: 2c67e14dce98bbdb200df9e1acf610d7a6264ea1
  image_picker_ios: 7fe1ff8e34c1790d6fff70a32484959f563a928a
  just_audio: 4e391f57b79cad2b0674030a00453ca5ce817eed
  on_audio_query_ios: 28a780e2d0d85d92d500ba6e12c6c8167022b2fa
  OrderedSet: e539b66b644ff081c73a262d24ad552a69be3a94
  path_provider_foundation: 080d55be775b7414fd5a5ef3ac137b97b097e564
  permission_handler_apple: 4ed2196e43d0651e8ff7ca3483a069d469701f2d
  shared_preferences_foundation: 9e1978ff2562383bd5676f64ec4e9aa8fa06a6f7
  sqflite_darwin: 20b2a3a3b70e43edae938624ce550a3cbf66a3d0
  SwiftyBeaver: 84069991dd5dca07d7069100985badaca7f0ce82
  volume_controller: 3657a1f65bedb98fa41ff7dc5793537919f31b12

PODFILE CHECKSUM: 819463e6a0290f5a72f145ba7cde16e8b6ef0796

COCOAPODS: 1.16.2
